// !$*UTF8*$!
{
	archiveVersion = 1;
	classes = {
	};
	objectVersion = 50;
	objects = {

/* Begin PBXBuildFile section */
		3B4F6FAA2464163F007BF222 /* AppDelegate.swift in Sources */ = {isa = PBXBuildFile; fileRef = 3B4F6FA92464163F007BF222 /* AppDelegate.swift */; };
		3B4F6FAC2464163F007BF222 /* SceneDelegate.swift in Sources */ = {isa = PBXBuildFile; fileRef = 3B4F6FAB2464163F007BF222 /* SceneDelegate.swift */; };
		3B4F6FAE2464163F007BF222 /* ContentView.swift in Sources */ = {isa = PBXBuildFile; fileRef = 3B4F6FAD2464163F007BF222 /* ContentView.swift */; };
		3B4F6FB024641644007BF222 /* Assets.xcassets in Resources */ = {isa = PBXBuildFile; fileRef = 3B4F6FAF24641644007BF222 /* Assets.xcassets */; };
		3B4F6FB324641644007BF222 /* Preview Assets.xcassets in Resources */ = {isa = PBXBuildFile; fileRef = 3B4F6FB224641644007BF222 /* Preview Assets.xcassets */; };
		3B4F6FB624641644007BF222 /* LaunchScreen.storyboard in Resources */ = {isa = PBXBuildFile; fileRef = 3B4F6FB424641644007BF222 /* LaunchScreen.storyboard */; };
/* End PBXBuildFile section */

/* Begin PBXFileReference section */
		3B4F6FA62464163F007BF222 /* SheetDB_Hw3.app */ = {isa = PBXFileReference; explicitFileType = wrapper.application; includeInIndex = 0; path = SheetDB_Hw3.app; sourceTree = BUILT_PRODUCTS_DIR; };
		3B4F6FA92464163F007BF222 /* AppDelegate.swift */ = {isa = PBXFileReference; lastKnownFileType = sourcecode.swift; path = AppDelegate.swift; sourceTree = "<group>"; };
		3B4F6FAB2464163F007BF222 /* SceneDelegate.swift */ = {isa = PBXFileReference; lastKnownFileType = sourcecode.swift; path = SceneDelegate.swift; sourceTree = "<group>"; };
		3B4F6FAD2464163F007BF222 /* ContentView.swift */ = {isa = PBXFileReference; lastKnownFileType = sourcecode.swift; path = ContentView.swift; sourceTree = "<group>"; };
		3B4F6FAF24641644007BF222 /* Assets.xcassets */ = {isa = PBXFileReference; lastKnownFileType = folder.assetcatalog; path = Assets.xcassets; sourceTree = "<group>"; };
		3B4F6FB224641644007BF222 /* Preview Assets.xcassets */ = {isa = PBXFileReference; lastKnownFileType = folder.assetcatalog; path = "Preview Assets.xcassets"; sourceTree = "<group>"; };
		3B4F6FB524641644007BF222 /* Base */ = {isa = PBXFileReference; lastKnownFileType = file.storyboard; name = Base; path = Base.lproj/LaunchScreen.storyboard; sourceTree = "<group>"; };
		3B4F6FB724641644007BF222 /* Info.plist */ = {isa = PBXFileReference; lastKnownFileType = text.plist.xml; path = Info.plist; sourceTree = "<group>"; };
/* End PBXFileReference section */

/* Begin PBXFrameworksBuildPhase section */
		3B4F6FA32464163F007BF222 /* Frameworks */ = {
			isa = PBXFrameworksBuildPhase;
			buildActionMask = 2147483647;
			files = (
			);
			runOnlyForDeploymentPostprocessing = 0;
		};
/* End PBXFrameworksBuildPhase section */

/* Begin PBXGroup section */
		3B4F6F9D2464163F007BF222 = {
			isa = PBXGroup;
			children = (
				3B4F6FA82464163F007BF222 /* SheetDB_Hw3 */,
				3B4F6FA72464163F007BF222 /* Products */,
			);
			sourceTree = "<group>";
		};
		3B4F6FA72464163F007BF222 /* Products */ = {
			isa = PBXGroup;
			children = (
				3B4F6FA62464163F007BF222 /* SheetDB_Hw3.app */,
			);
			name = Products;
			sourceTree = "<group>";
		};
		3B4F6FA82464163F007BF222 /* SheetDB_Hw3 */ = {
			isa = PBXGroup;
			children = (
				3B4F6FA92464163F007BF222 /* AppDelegate.swift */,
				3B4F6FAB2464163F007BF222 /* SceneDelegate.swift */,
				3B4F6FAD2464163F007BF222 /* ContentView.swift */,
				3B4F6FAF24641644007BF222 /* Assets.xcassets */,
				3B4F6FB424641644007BF222 /* LaunchScreen.storyboard */,
				3B4F6FB724641644007BF222 /* Info.plist */,
				3B4F6FB124641644007BF222 /* Preview Content */,
			);
			path = SheetDB_Hw3;
			sourceTree = "<group>";
		};
		3B4F6FB124641644007BF222 /* Preview Content */ = {
			isa = PBXGroup;
			children = (
				3B4F6FB224641644007BF222 /* Preview Assets.xcassets */,
			);
			path = "Preview Content";
			sourceTree = "<group>";
		};
/* End PBXGroup section */

/* Begin PBXNativeTarget section */
		3B4F6FA52464163F007BF222 /* SheetDB_Hw3 */ = {
			isa = PBXNativeTarget;
			buildConfigurationList = 3B4F6FBA24641644007BF222 /* Build configuration list for PBXNativeTarget "SheetDB_Hw3" */;
			buildPhases = (
				3B4F6FA22464163F007BF222 /* Sources */,
				3B4F6FA32464163F007BF222 /* Frameworks */,
				3B4F6FA42464163F007BF222 /* Resources */,
			);
			buildRules = (
			);
			dependencies = (
			);
			name = SheetDB_Hw3;
			productName = SheetDB_Hw3;
			productReference = 3B4F6FA62464163F007BF222 /* SheetDB_Hw3.app */;
			productType = "com.apple.product-type.application";
		};
/* End PBXNativeTarget section */

/* Begin PBXProject section */
		3B4F6F9E2464163F007BF222 /* Project object */ = {
			isa = PBXProject;
			attributes = {
				LastSwiftUpdateCheck = 1140;
				LastUpgradeCheck = 1140;
				ORGANIZATIONNAME = ntoucs;
				TargetAttributes = {
					3B4F6FA52464163F007BF222 = {
						CreatedOnToolsVersion = 11.4.1;
					};
				};
			};
			buildConfigurationList = 3B4F6FA12464163F007BF222 /* Build configuration list for PBXProject "SheetDB_Hw3" */;
			compatibilityVersion = "Xcode 9.3";
			developmentRegion = en;
			hasScannedForEncodings = 0;
			knownRegions = (
				en,
				Base,
			);
			mainGroup = 3B4F6F9D2464163F007BF222;
			productRefGroup = 3B4F6FA72464163F007BF222 /* Products */;
			projectDirPath = "";
			projectRoot = "";
			targets = (
				3B4F6FA52464163F007BF222 /* SheetDB_Hw3 */,
			);
		};
/* End PBXProject section */

/* Begin PBXResourcesBuildPhase section */
		3B4F6FA42464163F007BF222 /* Resources */ = {
			isa = PBXResourcesBuildPhase;
			buildActionMask = 2147483647;
			files = (
				3B4F6FB624641644007BF222 /* LaunchScreen.storyboard in Resources */,
				3B4F6FB324641644007BF222 /* Preview Assets.xcassets in Resources */,
				3B4F6FB024641644007BF222 /* Assets.xcassets in Resources */,
			);
			runOnlyForDeploymentPostprocessing = 0;
		};
/* End PBXResourcesBuildPhase section */

/* Begin PBXSourcesBuildPhase section */
		3B4F6FA22464163F007BF222 /* Sources */ = {
			isa = PBXSourcesBuildPhase;
			buildActionMask = 2147483647;
			files = (
				3B4F6FAA2464163F007BF222 /* AppDelegate.swift in Sources */,
				3B4F6FAC2464163F007BF222 /* SceneDelegate.swift in Sources */,
				3B4F6FAE2464163F007BF222 /* ContentView.swift in Sources */,
			);
			runOnlyForDeploymentPostprocessing = 0;
		};
/* End PBXSourcesBuildPhase section */

/* Begin PBXVariantGroup section */
		3B4F6FB424641644007BF222 /* LaunchScreen.storyboard */ = {
			isa = PBXVariantGroup;
			children = (
				3B4F6FB524641644007BF222 /* Base */,
			);
			name = LaunchScreen.storyboard;
			sourceTree = "<group>";
		};
/* End PBXVariantGroup section */

/* Begin XCBuildConfiguration section */
		3B4F6FB824641644007BF222 /* Debug */ = {
			isa = XCBuildConfiguration;
			buildSettings = {
				ALWAYS_SEARCH_USER_PATHS = NO;
				CLANG_ANALYZER_NONNULL = YES;
				CLANG_ANALYZER_NUMBER_OBJECT_CONVERSION = YES_AGGRESSIVE;
				CLANG_CXX_LANGUAGE_STANDARD = "gnu++14";
				CLANG_CXX_LIBRARY = "libc++";
				CLANG_ENABLE_MODULES = YES;
				CLANG_ENABLE_OBJC_ARC = YES;
				CLANG_ENABLE_OBJC_WEAK = YES;
				CLANG_WARN_BLOCK_CAPTURE_AUTORELEASING = YES;
				CLANG_WARN_BOOL_CONVERSION = YES;
				CLANG_WARN_COMMA = YES;
				CLANG_WARN_CONSTANT_CONVERSION = YES;
				CLANG_WARN_DEPRECATED_OBJC_IMPLEMENTATIONS = YES;
				CLANG_WARN_DIRECT_OBJC_ISA_USAGE = YES_ERROR;
				CLANG_WARN_DOCUMENTATION_COMMENTS = YES;
				CLANG_WARN_EMPTY_BODY = YES;
				CLANG_WARN_ENUM_CONVERSION = YES;
				CLANG_WARN_INFINITE_RECURSION = YES;
				CLANG_WARN_INT_CONVERSION = YES;
				CLANG_WARN_NON_LITERAL_NULL_CONVERSION = YES;
				CLANG_WARN_OBJC_IMPLICIT_RETAIN_SELF = YES;
				CLANG_WARN_OBJC_LITERAL_CONVERSION = YES;
				CLANG_WARN_OBJC_ROOT_CLASS = YES_ERROR;
				CLANG_WARN_RANGE_LOOP_ANALYSIS = YES;
				CLANG_WARN_STRICT_PROTOTYPES = YES;
				CLANG_WARN_SUSPICIOUS_MOVE = YES;
				CLANG_WARN_UNGUARDED_AVAILABILITY = YES_AGGRESSIVE;
				CLANG_WARN_UNREACHABLE_CODE = YES;
				CLANG_WARN__DUPLICATE_METHOD_MATCH = YES;
				COPY_PHASE_STRIP = NO;
				DEBUG_INFORMATION_FORMAT = dwarf;
				ENABLE_STRICT_OBJC_MSGSEND = YES;
				ENABLE_TESTABILITY = YES;
				GCC_C_LANGUAGE_STANDARD = gnu11;
				GCC_DYNAMIC_NO_PIC = NO;
				GCC_NO_COMMON_BLOCKS = YES;
				GCC_OPTIMIZATION_LEVEL = 0;
				GCC_PREPROCESSOR_DEFINITIONS = (
					"DEBUG=1",
					"$(inherited)",
				);
				GCC_WARN_64_TO_32_BIT_CONVERSION = YES;
				GCC_WARN_ABOUT_RETURN_TYPE = YES_ERROR;
				GCC_WARN_UNDECLARED_SELECTOR = YES;
				GCC_WARN_UNINITIALIZED_AUTOS = YES_AGGRESSIVE;
				GCC_WARN_UNUSED_FUNCTION = YES;
				GCC_WARN_UNUSED_VARIABLE = YES;
				IPHONEOS_DEPLOYMENT_TARGET = 13.4;
				MTL_ENABLE_DEBUG_INFO = INCLUDE_SOURCE;
				MTL_FAST_MATH = YES;
				ONLY_ACTIVE_ARCH = YES;
				SDKROOT = iphoneos;
				SWIFT_ACTIVE_COMPILATION_CONDITIONS = DEBUG;
				SWIFT_OPTIMIZATION_LEVEL = "-Onone";
			};
			name = Debug;
		};
		3B4F6FB924641644007BF222 /* Release */ = {
			isa = XCBuildConfiguration;
			buildSettings = {
				ALWAYS_SEARCH_USER_PATHS = NO;
				CLANG_ANALYZER_NONNULL = YES;
				CLANG_ANALYZER_NUMBER_OBJECT_CONVERSION = YES_AGGRESSIVE;
				CLANG_CXX_LANGUAGE_STANDARD = "gnu++14";
				CLANG_CXX_LIBRARY = "libc++";
				CLANG_ENABLE_MODULES = YES;
				CLANG_ENABLE_OBJC_ARC = YES;
				CLANG_ENABLE_OBJC_WEAK = YES;
				CLANG_WARN_BLOCK_CAPTURE_AUTORELEASING = YES;
				CLANG_WARN_BOOL_CONVERSION = YES;
				CLANG_WARN_COMMA = YES;
				CLANG_WARN_CONSTANT_CONVERSION = YES;
				CLANG_WARN_DEPRECATED_OBJC_IMPLEMENTATIONS = YES;
				CLANG_WARN_DIRECT_OBJC_ISA_USAGE = YES_ERROR;
				CLANG_WARN_DOCUMENTATION_COMMENTS = YES;
				CLANG_WARN_EMPTY_BODY = YES;
				CLANG_WARN_ENUM_CONVERSION = YES;
				CLANG_WARN_INFINITE_RECURSION = YES;
				CLANG_WARN_INT_CONVERSION = YES;
				CLANG_WARN_NON_LITERAL_NULL_CONVERSION = YES;
				CLANG_WARN_OBJC_IMPLICIT_RETAIN_SELF = YES;
				CLANG_WARN_OBJC_LITERAL_CONVERSION = YES;
				CLANG_WARN_OBJC_ROOT_CLASS = YES_ERROR;
				CLANG_WARN_RANGE_LOOP_ANALYSIS = YES;
				CLANG_WARN_STRICT_PROTOTYPES = YES;
				CLANG_WARN_SUSPICIOUS_MOVE = YES;
				CLANG_WARN_UNGUARDED_AVAILABILITY = YES_AGGRESSIVE;
				CLANG_WARN_UNREACHABLE_CODE = YES;
				CLANG_WARN__DUPLICATE_METHOD_MATCH = YES;
				COPY_PHASE_STRIP = NO;
				DEBUG_INFORMATION_FORMAT = "dwarf-with-dsym";
				ENABLE_NS_ASSERTIONS = NO;
				ENABLE_STRICT_OBJC_MSGSEND = YES;
				GCC_C_LANGUAGE_STANDARD = gnu11;
				GCC_NO_COMMON_BLOCKS = YES;
				GCC_WARN_64_TO_32_BIT_CONVERSION = YES;
				GCC_WARN_ABOUT_RETURN_TYPE = YES_ERROR;
				GCC_WARN_UNDECLARED_SELECTOR = YES;
				GCC_WARN_UNINITIALIZED_AUTOS = YES_AGGRESSIVE;
				GCC_WARN_UNUSED_FUNCTION = YES;
				GCC_WARN_UNUSED_VARIABLE = YES;
				IPHONEOS_DEPLOYMENT_TARGET = 13.4;
				MTL_ENABLE_DEBUG_INFO = NO;
				MTL_FAST_MATH = YES;
				SDKROOT = iphoneos;
				SWIFT_COMPILATION_MODE = wholemodule;
				SWIFT_OPTIMIZATION_LEVEL = "-O";
				VALIDATE_PRODUCT = YES;
			};
			name = Release;
		};
		3B4F6FBB24641644007BF222 /* Debug */ = {
			isa = XCBuildConfiguration;
			buildSettings = {
				ASSETCATALOG_COMPILER_APPICON_NAME = AppIcon;
				CODE_SIGN_STYLE = Automatic;
				DEVELOPMENT_ASSET_PATHS = "\"SheetDB_Hw3/Preview Content\"";
				DEVELOPMENT_TEAM = K624ZP356A;
				ENABLE_PREVIEWS = YES;
				INFOPLIST_FILE = SheetDB_Hw3/Info.plist;
				LD_RUNPATH_SEARCH_PATHS = (
					"$(inherited)",
					"@executable_path/Frameworks",
				);
				PRODUCT_BUNDLE_IDENTIFIER = "Li.SheetDB-Hw3";
				PRODUCT_NAME = "$(TARGET_NAME)";
				SWIFT_VERSION = 5.0;
				TARGETED_DEVICE_FAMILY = "1,2";
			};
			name = Debug;
		};
		3B4F6FBC24641644007BF222 /* Release */ = {
			isa = XCBuildConfiguration;
			buildSettings = {
				ASSETCATALOG_COMPILER_APPICON_NAME = AppIcon;
				CODE_SIGN_STYLE = Automatic;
				DEVELOPMENT_ASSET_PATHS = "\"SheetDB_Hw3/Preview Content\"";
				DEVELOPMENT_TEAM = K624ZP356A;
				ENABLE_PREVIEWS = YES;
				INFOPLIST_FILE = SheetDB_Hw3/Info.plist;
				LD_RUNPATH_SEARCH_PATHS = (
					"$(inherited)",
					"@executable_path/Frameworks",
				);
				PRODUCT_BUNDLE_IDENTIFIER = "Li.SheetDB-Hw3";
				PRODUCT_NAME = "$(TARGET_NAME)";
				SWIFT_VERSION = 5.0;
				TARGETED_DEVICE_FAMILY = "1,2";
			};
			name = Release;
		};
/* End XCBuildConfiguration section */

/* Begin XCConfigurationList section */
		3B4F6FA12464163F007BF222 /* Build configuration list for PBXProject "SheetDB_Hw3" */ = {
			isa = XCConfigurationList;
			buildConfigurations = (
				3B4F6FB824641644007BF222 /* Debug */,
				3B4F6FB924641644007BF222 /* Release */,
			);
			defaultConfigurationIsVisible = 0;
			defaultConfigurationName = Release;
		};
		3B4F6FBA24641644007BF222 /* Build configuration list for PBXNativeTarget "SheetDB_Hw3" */ = {
			isa = XCConfigurationList;
			buildConfigurations = (
				3B4F6FBB24641644007BF222 /* Debug */,
				3B4F6FBC24641644007BF222 /* Release */,
			);
			defaultConfigurationIsVisible = 0;
			defaultConfigurationName = Release;
		};
/* End XCConfigurationList section */
	};
	rootObject = 3B4F6F9E2464163F007BF222 /* Project object */;
}
