// !$*UTF8*$!
{
	archiveVersion = 1;
	classes = {
	};
	objectVersion = 52;
	objects = {

/* Begin PBXBuildFile section */
		3B4E2FFB246689E5005F5C7F /* Struct.swift in Sources */ = {isa = PBXBuildFile; fileRef = 3B4E2FFA246689E5005F5C7F /* Struct.swift */; };
		3B4E2FFF24669ACF005F5C7F /* PictureWall.swift in Sources */ = {isa = PBXBuildFile; fileRef = 3B4E2FFE24669ACF005F5C7F /* PictureWall.swift */; };
		3B4E300124669ADC005F5C7F /* ProfileView.swift in Sources */ = {isa = PBXBuildFile; fileRef = 3B4E300024669ADC005F5C7F /* ProfileView.swift */; };
		3B4F6FAA2464163F007BF222 /* AppDelegate.swift in Sources */ = {isa = PBXBuildFile; fileRef = 3B4F6FA92464163F007BF222 /* AppDelegate.swift */; };
		3B4F6FAC2464163F007BF222 /* SceneDelegate.swift in Sources */ = {isa = PBXBuildFile; fileRef = 3B4F6FAB2464163F007BF222 /* SceneDelegate.swift */; };
		3B4F6FAE2464163F007BF222 /* ContentView.swift in Sources */ = {isa = PBXBuildFile; fileRef = 3B4F6FAD2464163F007BF222 /* ContentView.swift */; };
		3B4F6FB024641644007BF222 /* Assets.xcassets in Resources */ = {isa = PBXBuildFile; fileRef = 3B4F6FAF24641644007BF222 /* Assets.xcassets */; };
		3B4F6FB324641644007BF222 /* Preview Assets.xcassets in Resources */ = {isa = PBXBuildFile; fileRef = 3B4F6FB224641644007BF222 /* Preview Assets.xcassets */; };
		3B4F6FB624641644007BF222 /* LaunchScreen.storyboard in Resources */ = {isa = PBXBuildFile; fileRef = 3B4F6FB424641644007BF222 /* LaunchScreen.storyboard */; };
		3B4F6FBE2464166C007BF222 /* ApiControl.swift in Sources */ = {isa = PBXBuildFile; fileRef = 3B4F6FBD2464166C007BF222 /* ApiControl.swift */; };
		3B5F3C9F2466A55B007FB5E8 /* URLImage in Frameworks */ = {isa = PBXBuildFile; productRef = 3B5F3C9E2466A55B007FB5E8 /* URLImage */; };
		3B5F3CA12466C420007FB5E8 /* NewPostView.swift in Sources */ = {isa = PBXBuildFile; fileRef = 3B5F3CA02466C420007FB5E8 /* NewPostView.swift */; };
		3B5F3CA42466D198007FB5E8 /* PhotoData.swift in Sources */ = {isa = PBXBuildFile; fileRef = 3B5F3CA22466D198007FB5E8 /* PhotoData.swift */; };
		3B5F3CA52466D198007FB5E8 /* ImagePickerController.swift in Sources */ = {isa = PBXBuildFile; fileRef = 3B5F3CA32466D198007FB5E8 /* ImagePickerController.swift */; };
		3B5F3CA92467CCF5007FB5E8 /* PostRow.swift in Sources */ = {isa = PBXBuildFile; fileRef = 3B5F3CA82467CCF5007FB5E8 /* PostRow.swift */; };
		3B5F3CB124680982007FB5E8 /* BSImagePicker in Frameworks */ = {isa = PBXBuildFile; productRef = 3B5F3CB024680982007FB5E8 /* BSImagePicker */; };
		3B5F3CB424680BAF007FB5E8 /* PhotoLibraryPicker in Frameworks */ = {isa = PBXBuildFile; productRef = 3B5F3CB324680BAF007FB5E8 /* PhotoLibraryPicker */; };
		3B5F3CB62468F51A007FB5E8 /* RegisterView.swift in Sources */ = {isa = PBXBuildFile; fileRef = 3B5F3CB52468F51A007FB5E8 /* RegisterView.swift */; };
		3B5F3CB92468FAAB007FB5E8 /* Alamofire in Frameworks */ = {isa = PBXBuildFile; productRef = 3B5F3CB82468FAAB007FB5E8 /* Alamofire */; };
		3B5F3CBB2469942A007FB5E8 /* ForgetPassword.swift in Sources */ = {isa = PBXBuildFile; fileRef = 3B5F3CBA2469942A007FB5E8 /* ForgetPassword.swift */; };
		3B5F3CBD24699483007FB5E8 /* SafariView.swift in Sources */ = {isa = PBXBuildFile; fileRef = 3B5F3CBC24699483007FB5E8 /* SafariView.swift */; };
		3B5F3CBF246AA2A5007FB5E8 /* ProfileListRow.swift in Sources */ = {isa = PBXBuildFile; fileRef = 3B5F3CBE246AA2A5007FB5E8 /* ProfileListRow.swift */; };
		3BDB896B246ADA990002C329 /* ImageModel.swift in Sources */ = {isa = PBXBuildFile; fileRef = 3BDB896A246ADA990002C329 /* ImageModel.swift */; };
		3BDB8975246D5F470002C329 /* MultilineTextField.swift in Sources */ = {isa = PBXBuildFile; fileRef = 3BDB8974246D5F470002C329 /* MultilineTextField.swift */; };
/* End PBXBuildFile section */

/* Begin PBXFileReference section */
		3B4E2FFA246689E5005F5C7F /* Struct.swift */ = {isa = PBXFileReference; lastKnownFileType = sourcecode.swift; path = Struct.swift; sourceTree = "<group>"; };
		3B4E2FFE24669ACF005F5C7F /* PictureWall.swift */ = {isa = PBXFileReference; lastKnownFileType = sourcecode.swift; path = PictureWall.swift; sourceTree = "<group>"; };
		3B4E300024669ADC005F5C7F /* ProfileView.swift */ = {isa = PBXFileReference; lastKnownFileType = sourcecode.swift; path = ProfileView.swift; sourceTree = "<group>"; };
		3B4F6FA62464163F007BF222 /* TravelDiary.app */ = {isa = PBXFileReference; explicitFileType = wrapper.application; includeInIndex = 0; path = TravelDiary.app; sourceTree = BUILT_PRODUCTS_DIR; };
		3B4F6FA92464163F007BF222 /* AppDelegate.swift */ = {isa = PBXFileReference; lastKnownFileType = sourcecode.swift; path = AppDelegate.swift; sourceTree = "<group>"; };
		3B4F6FAB2464163F007BF222 /* SceneDelegate.swift */ = {isa = PBXFileReference; lastKnownFileType = sourcecode.swift; path = SceneDelegate.swift; sourceTree = "<group>"; };
		3B4F6FAD2464163F007BF222 /* ContentView.swift */ = {isa = PBXFileReference; lastKnownFileType = sourcecode.swift; path = ContentView.swift; sourceTree = "<group>"; };
		3B4F6FAF24641644007BF222 /* Assets.xcassets */ = {isa = PBXFileReference; lastKnownFileType = folder.assetcatalog; path = Assets.xcassets; sourceTree = "<group>"; };
		3B4F6FB224641644007BF222 /* Preview Assets.xcassets */ = {isa = PBXFileReference; lastKnownFileType = folder.assetcatalog; path = "Preview Assets.xcassets"; sourceTree = "<group>"; };
		3B4F6FB524641644007BF222 /* Base */ = {isa = PBXFileReference; lastKnownFileType = file.storyboard; name = Base; path = Base.lproj/LaunchScreen.storyboard; sourceTree = "<group>"; };
		3B4F6FB724641644007BF222 /* Info.plist */ = {isa = PBXFileReference; lastKnownFileType = text.plist.xml; path = Info.plist; sourceTree = "<group>"; };
		3B4F6FBD2464166C007BF222 /* ApiControl.swift */ = {isa = PBXFileReference; lastKnownFileType = sourcecode.swift; path = ApiControl.swift; sourceTree = "<group>"; };
		3B5F3CA02466C420007FB5E8 /* NewPostView.swift */ = {isa = PBXFileReference; lastKnownFileType = sourcecode.swift; path = NewPostView.swift; sourceTree = "<group>"; };
		3B5F3CA22466D198007FB5E8 /* PhotoData.swift */ = {isa = PBXFileReference; fileEncoding = 4; lastKnownFileType = sourcecode.swift; path = PhotoData.swift; sourceTree = "<group>"; };
		3B5F3CA32466D198007FB5E8 /* ImagePickerController.swift */ = {isa = PBXFileReference; fileEncoding = 4; lastKnownFileType = sourcecode.swift; path = ImagePickerController.swift; sourceTree = "<group>"; };
		3B5F3CA82467CCF5007FB5E8 /* PostRow.swift */ = {isa = PBXFileReference; lastKnownFileType = sourcecode.swift; path = PostRow.swift; sourceTree = "<group>"; };
		3B5F3CB52468F51A007FB5E8 /* RegisterView.swift */ = {isa = PBXFileReference; fileEncoding = 4; lastKnownFileType = sourcecode.swift; path = RegisterView.swift; sourceTree = "<group>"; };
		3B5F3CBA2469942A007FB5E8 /* ForgetPassword.swift */ = {isa = PBXFileReference; lastKnownFileType = sourcecode.swift; path = ForgetPassword.swift; sourceTree = "<group>"; };
		3B5F3CBC24699483007FB5E8 /* SafariView.swift */ = {isa = PBXFileReference; fileEncoding = 4; lastKnownFileType = sourcecode.swift; path = SafariView.swift; sourceTree = "<group>"; };
		3B5F3CBE246AA2A5007FB5E8 /* ProfileListRow.swift */ = {isa = PBXFileReference; lastKnownFileType = sourcecode.swift; path = ProfileListRow.swift; sourceTree = "<group>"; };
		3BDB896A246ADA990002C329 /* ImageModel.swift */ = {isa = PBXFileReference; lastKnownFileType = sourcecode.swift; path = ImageModel.swift; sourceTree = "<group>"; };
		3BDB8974246D5F470002C329 /* MultilineTextField.swift */ = {isa = PBXFileReference; lastKnownFileType = sourcecode.swift; path = MultilineTextField.swift; sourceTree = "<group>"; };
/* End PBXFileReference section */

/* Begin PBXFrameworksBuildPhase section */
		3B4F6FA32464163F007BF222 /* Frameworks */ = {
			isa = PBXFrameworksBuildPhase;
			buildActionMask = 2147483647;
			files = (
				3B5F3CB424680BAF007FB5E8 /* PhotoLibraryPicker in Frameworks */,
				3B5F3CB92468FAAB007FB5E8 /* Alamofire in Frameworks */,
				3B5F3C9F2466A55B007FB5E8 /* URLImage in Frameworks */,
				3B5F3CB124680982007FB5E8 /* BSImagePicker in Frameworks */,
			);
			runOnlyForDeploymentPostprocessing = 0;
		};
/* End PBXFrameworksBuildPhase section */

/* Begin PBXGroup section */
		3B4F6F9D2464163F007BF222 = {
			isa = PBXGroup;
			children = (
				3B4F6FA82464163F007BF222 /* SheetDB_Hw3 */,
				3B4F6FA72464163F007BF222 /* Products */,
			);
			sourceTree = "<group>";
		};
		3B4F6FA72464163F007BF222 /* Products */ = {
			isa = PBXGroup;
			children = (
				3B4F6FA62464163F007BF222 /* TravelDiary.app */,
			);
			name = Products;
			sourceTree = "<group>";
		};
		3B4F6FA82464163F007BF222 /* SheetDB_Hw3 */ = {
			isa = PBXGroup;
			children = (
				3BDB896E246B971B0002C329 /* Views */,
				3BDB8971246B98D10002C329 /* View Models */,
				3BDB8970246B98710002C329 /* Services */,
				3BDB896F246B98310002C329 /* Models */,
				3B4F6FA92464163F007BF222 /* AppDelegate.swift */,
				3B4F6FAB2464163F007BF222 /* SceneDelegate.swift */,
				3B5F3CA32466D198007FB5E8 /* ImagePickerController.swift */,
				3B4F6FAF24641644007BF222 /* Assets.xcassets */,
				3B4F6FB424641644007BF222 /* LaunchScreen.storyboard */,
				3B4F6FB724641644007BF222 /* Info.plist */,
				3B4F6FB124641644007BF222 /* Preview Content */,
			);
			path = SheetDB_Hw3;
			sourceTree = "<group>";
		};
		3B4F6FB124641644007BF222 /* Preview Content */ = {
			isa = PBXGroup;
			children = (
				3B4F6FB224641644007BF222 /* Preview Assets.xcassets */,
			);
			path = "Preview Content";
			sourceTree = "<group>";
		};
		3BDB896E246B971B0002C329 /* Views */ = {
			isa = PBXGroup;
			children = (
				3B4F6FAD2464163F007BF222 /* ContentView.swift */,
				3B5F3CB52468F51A007FB5E8 /* RegisterView.swift */,
				3B5F3CBA2469942A007FB5E8 /* ForgetPassword.swift */,
				3B4E2FFE24669ACF005F5C7F /* PictureWall.swift */,
				3B5F3CA82467CCF5007FB5E8 /* PostRow.swift */,
				3B4E300024669ADC005F5C7F /* ProfileView.swift */,
				3B5F3CBE246AA2A5007FB5E8 /* ProfileListRow.swift */,
				3B5F3CA02466C420007FB5E8 /* NewPostView.swift */,
				3BDB8974246D5F470002C329 /* MultilineTextField.swift */,
				3B5F3CBC24699483007FB5E8 /* SafariView.swift */,
			);
			path = Views;
			sourceTree = "<group>";
		};
		3BDB896F246B98310002C329 /* Models */ = {
			isa = PBXGroup;
			children = (
				3B4E2FFA246689E5005F5C7F /* Struct.swift */,
				3B5F3CA22466D198007FB5E8 /* PhotoData.swift */,
			);
			path = Models;
			sourceTree = "<group>";
		};
		3BDB8970246B98710002C329 /* Services */ = {
			isa = PBXGroup;
			children = (
				3B4F6FBD2464166C007BF222 /* ApiControl.swift */,
			);
			path = Services;
			sourceTree = "<group>";
		};
		3BDB8971246B98D10002C329 /* View Models */ = {
			isa = PBXGroup;
			children = (
				3BDB896A246ADA990002C329 /* ImageModel.swift */,
			);
			path = "View Models";
			sourceTree = "<group>";
		};
/* End PBXGroup section */

/* Begin PBXNativeTarget section */
		3B4F6FA52464163F007BF222 /* SheetDB_Hw3 */ = {
			isa = PBXNativeTarget;
			buildConfigurationList = 3B4F6FBA24641644007BF222 /* Build configuration list for PBXNativeTarget "SheetDB_Hw3" */;
			buildPhases = (
				3B4F6FA22464163F007BF222 /* Sources */,
				3B4F6FA32464163F007BF222 /* Frameworks */,
				3B4F6FA42464163F007BF222 /* Resources */,
			);
			buildRules = (
			);
			dependencies = (
			);
			name = SheetDB_Hw3;
			packageProductDependencies = (
				3B5F3C9E2466A55B007FB5E8 /* URLImage */,
				3B5F3CB024680982007FB5E8 /* BSImagePicker */,
				3B5F3CB324680BAF007FB5E8 /* PhotoLibraryPicker */,
				3B5F3CB82468FAAB007FB5E8 /* Alamofire */,
			);
			productName = SheetDB_Hw3;
			productReference = 3B4F6FA62464163F007BF222 /* TravelDiary.app */;
			productType = "com.apple.product-type.application";
		};
/* End PBXNativeTarget section */

/* Begin PBXProject section */
		3B4F6F9E2464163F007BF222 /* Project object */ = {
			isa = PBXProject;
			attributes = {
				LastSwiftUpdateCheck = 1140;
				LastUpgradeCheck = 1140;
				ORGANIZATIONNAME = ntoucs;
				TargetAttributes = {
					3B4F6FA52464163F007BF222 = {
						CreatedOnToolsVersion = 11.4.1;
					};
				};
			};
			buildConfigurationList = 3B4F6FA12464163F007BF222 /* Build configuration list for PBXProject "SheetDB_Hw3" */;
			compatibilityVersion = "Xcode 9.3";
			developmentRegion = en;
			hasScannedForEncodings = 0;
			knownRegions = (
				en,
				Base,
			);
			mainGroup = 3B4F6F9D2464163F007BF222;
			packageReferences = (
				3B5F3C9D2466A55B007FB5E8 /* XCRemoteSwiftPackageReference "url-image" */,
				3B5F3CAF24680982007FB5E8 /* XCRemoteSwiftPackageReference "BSImagePicker" */,
				3B5F3CB224680BAF007FB5E8 /* XCRemoteSwiftPackageReference "swiftUI-photo-library-picker" */,
				3B5F3CB72468FAAB007FB5E8 /* XCRemoteSwiftPackageReference "Alamofire" */,
			);
			productRefGroup = 3B4F6FA72464163F007BF222 /* Products */;
			projectDirPath = "";
			projectRoot = "";
			targets = (
				3B4F6FA52464163F007BF222 /* SheetDB_Hw3 */,
			);
		};
/* End PBXProject section */

/* Begin PBXResourcesBuildPhase section */
		3B4F6FA42464163F007BF222 /* Resources */ = {
			isa = PBXResourcesBuildPhase;
			buildActionMask = 2147483647;
			files = (
				3B4F6FB624641644007BF222 /* LaunchScreen.storyboard in Resources */,
				3B4F6FB324641644007BF222 /* Preview Assets.xcassets in Resources */,
				3B4F6FB024641644007BF222 /* Assets.xcassets in Resources */,
			);
			runOnlyForDeploymentPostprocessing = 0;
		};
/* End PBXResourcesBuildPhase section */

/* Begin PBXSourcesBuildPhase section */
		3B4F6FA22464163F007BF222 /* Sources */ = {
			isa = PBXSourcesBuildPhase;
			buildActionMask = 2147483647;
			files = (
				3B5F3CA12466C420007FB5E8 /* NewPostView.swift in Sources */,
				3B4E300124669ADC005F5C7F /* ProfileView.swift in Sources */,
				3B5F3CB62468F51A007FB5E8 /* RegisterView.swift in Sources */,
				3B4F6FAA2464163F007BF222 /* AppDelegate.swift in Sources */,
				3B4F6FAC2464163F007BF222 /* SceneDelegate.swift in Sources */,
				3B5F3CBF246AA2A5007FB5E8 /* ProfileListRow.swift in Sources */,
				3B4F6FBE2464166C007BF222 /* ApiControl.swift in Sources */,
				3B5F3CA52466D198007FB5E8 /* ImagePickerController.swift in Sources */,
				3B5F3CA42466D198007FB5E8 /* PhotoData.swift in Sources */,
				3B4E2FFB246689E5005F5C7F /* Struct.swift in Sources */,
				3B5F3CBB2469942A007FB5E8 /* ForgetPassword.swift in Sources */,
				3B5F3CBD24699483007FB5E8 /* SafariView.swift in Sources */,
				3B4E2FFF24669ACF005F5C7F /* PictureWall.swift in Sources */,
				3B5F3CA92467CCF5007FB5E8 /* PostRow.swift in Sources */,
				3BDB8975246D5F470002C329 /* MultilineTextField.swift in Sources */,
				3B4F6FAE2464163F007BF222 /* ContentView.swift in Sources */,
				3BDB896B246ADA990002C329 /* ImageModel.swift in Sources */,
			);
			runOnlyForDeploymentPostprocessing = 0;
		};
/* End PBXSourcesBuildPhase section */

/* Begin PBXVariantGroup section */
		3B4F6FB424641644007BF222 /* LaunchScreen.storyboard */ = {
			isa = PBXVariantGroup;
			children = (
				3B4F6FB524641644007BF222 /* Base */,
			);
			name = LaunchScreen.storyboard;
			sourceTree = "<group>";
		};
/* End PBXVariantGroup section */

/* Begin XCBuildConfiguration section */
		3B4F6FB824641644007BF222 /* Debug */ = {
			isa = XCBuildConfiguration;
			buildSettings = {
				ALWAYS_SEARCH_USER_PATHS = NO;
				CLANG_ANALYZER_NONNULL = YES;
				CLANG_ANALYZER_NUMBER_OBJECT_CONVERSION = YES_AGGRESSIVE;
				CLANG_CXX_LANGUAGE_STANDARD = "gnu++14";
				CLANG_CXX_LIBRARY = "libc++";
				CLANG_ENABLE_MODULES = YES;
				CLANG_ENABLE_OBJC_ARC = YES;
				CLANG_ENABLE_OBJC_WEAK = YES;
				CLANG_WARN_BLOCK_CAPTURE_AUTORELEASING = YES;
				CLANG_WARN_BOOL_CONVERSION = YES;
				CLANG_WARN_COMMA = YES;
				CLANG_WARN_CONSTANT_CONVERSION = YES;
				CLANG_WARN_DEPRECATED_OBJC_IMPLEMENTATIONS = YES;
				CLANG_WARN_DIRECT_OBJC_ISA_USAGE = YES_ERROR;
				CLANG_WARN_DOCUMENTATION_COMMENTS = YES;
				CLANG_WARN_EMPTY_BODY = YES;
				CLANG_WARN_ENUM_CONVERSION = YES;
				CLANG_WARN_INFINITE_RECURSION = YES;
				CLANG_WARN_INT_CONVERSION = YES;
				CLANG_WARN_NON_LITERAL_NULL_CONVERSION = YES;
				CLANG_WARN_OBJC_IMPLICIT_RETAIN_SELF = YES;
				CLANG_WARN_OBJC_LITERAL_CONVERSION = YES;
				CLANG_WARN_OBJC_ROOT_CLASS = YES_ERROR;
				CLANG_WARN_RANGE_LOOP_ANALYSIS = YES;
				CLANG_WARN_STRICT_PROTOTYPES = YES;
				CLANG_WARN_SUSPICIOUS_MOVE = YES;
				CLANG_WARN_UNGUARDED_AVAILABILITY = YES_AGGRESSIVE;
				CLANG_WARN_UNREACHABLE_CODE = YES;
				CLANG_WARN__DUPLICATE_METHOD_MATCH = YES;
				COPY_PHASE_STRIP = NO;
				DEBUG_INFORMATION_FORMAT = dwarf;
				ENABLE_STRICT_OBJC_MSGSEND = YES;
				ENABLE_TESTABILITY = YES;
				GCC_C_LANGUAGE_STANDARD = gnu11;
				GCC_DYNAMIC_NO_PIC = NO;
				GCC_NO_COMMON_BLOCKS = YES;
				GCC_OPTIMIZATION_LEVEL = 0;
				GCC_PREPROCESSOR_DEFINITIONS = (
					"DEBUG=1",
					"$(inherited)",
				);
				GCC_WARN_64_TO_32_BIT_CONVERSION = YES;
				GCC_WARN_ABOUT_RETURN_TYPE = YES_ERROR;
				GCC_WARN_UNDECLARED_SELECTOR = YES;
				GCC_WARN_UNINITIALIZED_AUTOS = YES_AGGRESSIVE;
				GCC_WARN_UNUSED_FUNCTION = YES;
				GCC_WARN_UNUSED_VARIABLE = YES;
				IPHONEOS_DEPLOYMENT_TARGET = 13.4;
				MTL_ENABLE_DEBUG_INFO = INCLUDE_SOURCE;
				MTL_FAST_MATH = YES;
				ONLY_ACTIVE_ARCH = YES;
				SDKROOT = iphoneos;
				SWIFT_ACTIVE_COMPILATION_CONDITIONS = DEBUG;
				SWIFT_OPTIMIZATION_LEVEL = "-Onone";
			};
			name = Debug;
		};
		3B4F6FB924641644007BF222 /* Release */ = {
			isa = XCBuildConfiguration;
			buildSettings = {
				ALWAYS_SEARCH_USER_PATHS = NO;
				CLANG_ANALYZER_NONNULL = YES;
				CLANG_ANALYZER_NUMBER_OBJECT_CONVERSION = YES_AGGRESSIVE;
				CLANG_CXX_LANGUAGE_STANDARD = "gnu++14";
				CLANG_CXX_LIBRARY = "libc++";
				CLANG_ENABLE_MODULES = YES;
				CLANG_ENABLE_OBJC_ARC = YES;
				CLANG_ENABLE_OBJC_WEAK = YES;
				CLANG_WARN_BLOCK_CAPTURE_AUTORELEASING = YES;
				CLANG_WARN_BOOL_CONVERSION = YES;
				CLANG_WARN_COMMA = YES;
				CLANG_WARN_CONSTANT_CONVERSION = YES;
				CLANG_WARN_DEPRECATED_OBJC_IMPLEMENTATIONS = YES;
				CLANG_WARN_DIRECT_OBJC_ISA_USAGE = YES_ERROR;
				CLANG_WARN_DOCUMENTATION_COMMENTS = YES;
				CLANG_WARN_EMPTY_BODY = YES;
				CLANG_WARN_ENUM_CONVERSION = YES;
				CLANG_WARN_INFINITE_RECURSION = YES;
				CLANG_WARN_INT_CONVERSION = YES;
				CLANG_WARN_NON_LITERAL_NULL_CONVERSION = YES;
				CLANG_WARN_OBJC_IMPLICIT_RETAIN_SELF = YES;
				CLANG_WARN_OBJC_LITERAL_CONVERSION = YES;
				CLANG_WARN_OBJC_ROOT_CLASS = YES_ERROR;
				CLANG_WARN_RANGE_LOOP_ANALYSIS = YES;
				CLANG_WARN_STRICT_PROTOTYPES = YES;
				CLANG_WARN_SUSPICIOUS_MOVE = YES;
				CLANG_WARN_UNGUARDED_AVAILABILITY = YES_AGGRESSIVE;
				CLANG_WARN_UNREACHABLE_CODE = YES;
				CLANG_WARN__DUPLICATE_METHOD_MATCH = YES;
				COPY_PHASE_STRIP = NO;
				DEBUG_INFORMATION_FORMAT = "dwarf-with-dsym";
				ENABLE_NS_ASSERTIONS = NO;
				ENABLE_STRICT_OBJC_MSGSEND = YES;
				GCC_C_LANGUAGE_STANDARD = gnu11;
				GCC_NO_COMMON_BLOCKS = YES;
				GCC_WARN_64_TO_32_BIT_CONVERSION = YES;
				GCC_WARN_ABOUT_RETURN_TYPE = YES_ERROR;
				GCC_WARN_UNDECLARED_SELECTOR = YES;
				GCC_WARN_UNINITIALIZED_AUTOS = YES_AGGRESSIVE;
				GCC_WARN_UNUSED_FUNCTION = YES;
				GCC_WARN_UNUSED_VARIABLE = YES;
				IPHONEOS_DEPLOYMENT_TARGET = 13.4;
				MTL_ENABLE_DEBUG_INFO = NO;
				MTL_FAST_MATH = YES;
				SDKROOT = iphoneos;
				SWIFT_COMPILATION_MODE = wholemodule;
				SWIFT_OPTIMIZATION_LEVEL = "-O";
				VALIDATE_PRODUCT = YES;
			};
			name = Release;
		};
		3B4F6FBB24641644007BF222 /* Debug */ = {
			isa = XCBuildConfiguration;
			buildSettings = {
				ASSETCATALOG_COMPILER_APPICON_NAME = AppIcon;
				CODE_SIGN_STYLE = Automatic;
				DEVELOPMENT_ASSET_PATHS = "\"SheetDB_Hw3/Preview Content\"";
				DEVELOPMENT_TEAM = K624ZP356A;
				ENABLE_PREVIEWS = YES;
				INFOPLIST_FILE = SheetDB_Hw3/Info.plist;
				LD_RUNPATH_SEARCH_PATHS = (
					"$(inherited)",
					"@executable_path/Frameworks",
				);
				PRODUCT_BUNDLE_IDENTIFIER = "Li.SheetDB-Hw3";
				PRODUCT_NAME = TravelDiary;
				SWIFT_VERSION = 5.0;
				TARGETED_DEVICE_FAMILY = "1,2";
			};
			name = Debug;
		};
		3B4F6FBC24641644007BF222 /* Release */ = {
			isa = XCBuildConfiguration;
			buildSettings = {
				ASSETCATALOG_COMPILER_APPICON_NAME = AppIcon;
				CODE_SIGN_STYLE = Automatic;
				DEVELOPMENT_ASSET_PATHS = "\"SheetDB_Hw3/Preview Content\"";
				DEVELOPMENT_TEAM = K624ZP356A;
				ENABLE_PREVIEWS = YES;
				INFOPLIST_FILE = SheetDB_Hw3/Info.plist;
				LD_RUNPATH_SEARCH_PATHS = (
					"$(inherited)",
					"@executable_path/Frameworks",
				);
				PRODUCT_BUNDLE_IDENTIFIER = "Li.SheetDB-Hw3";
				PRODUCT_NAME = TravelDiary;
				SWIFT_VERSION = 5.0;
				TARGETED_DEVICE_FAMILY = "1,2";
			};
			name = Release;
		};
/* End XCBuildConfiguration section */

/* Begin XCConfigurationList section */
		3B4F6FA12464163F007BF222 /* Build configuration list for PBXProject "SheetDB_Hw3" */ = {
			isa = XCConfigurationList;
			buildConfigurations = (
				3B4F6FB824641644007BF222 /* Debug */,
				3B4F6FB924641644007BF222 /* Release */,
			);
			defaultConfigurationIsVisible = 0;
			defaultConfigurationName = Release;
		};
		3B4F6FBA24641644007BF222 /* Build configuration list for PBXNativeTarget "SheetDB_Hw3" */ = {
			isa = XCConfigurationList;
			buildConfigurations = (
				3B4F6FBB24641644007BF222 /* Debug */,
				3B4F6FBC24641644007BF222 /* Release */,
			);
			defaultConfigurationIsVisible = 0;
			defaultConfigurationName = Release;
		};
/* End XCConfigurationList section */

/* Begin XCRemoteSwiftPackageReference section */
		3B5F3C9D2466A55B007FB5E8 /* XCRemoteSwiftPackageReference "url-image" */ = {
			isa = XCRemoteSwiftPackageReference;
			repositoryURL = "https://github.com/dmytro-anokhin/url-image";
			requirement = {
				kind = upToNextMajorVersion;
				minimumVersion = 0.9.15;
			};
		};
		3B5F3CAF24680982007FB5E8 /* XCRemoteSwiftPackageReference "BSImagePicker" */ = {
			isa = XCRemoteSwiftPackageReference;
			repositoryURL = "https://github.com/mikaoj/BSImagePicker";
			requirement = {
				kind = upToNextMajorVersion;
				minimumVersion = 3.1.7;
			};
		};
		3B5F3CB224680BAF007FB5E8 /* XCRemoteSwiftPackageReference "swiftUI-photo-library-picker" */ = {
			isa = XCRemoteSwiftPackageReference;
			repositoryURL = "https://github.com/moifort/swiftUI-photo-library-picker";
			requirement = {
				kind = upToNextMajorVersion;
				minimumVersion = 1.0.1;
			};
		};
		3B5F3CB72468FAAB007FB5E8 /* XCRemoteSwiftPackageReference "Alamofire" */ = {
			isa = XCRemoteSwiftPackageReference;
			repositoryURL = "https://github.com/Alamofire/Alamofire";
			requirement = {
				kind = upToNextMajorVersion;
				minimumVersion = 5.1.0;
			};
		};
/* End XCRemoteSwiftPackageReference section */

/* Begin XCSwiftPackageProductDependency section */
		3B5F3C9E2466A55B007FB5E8 /* URLImage */ = {
			isa = XCSwiftPackageProductDependency;
			package = 3B5F3C9D2466A55B007FB5E8 /* XCRemoteSwiftPackageReference "url-image" */;
			productName = URLImage;
		};
		3B5F3CB024680982007FB5E8 /* BSImagePicker */ = {
			isa = XCSwiftPackageProductDependency;
			package = 3B5F3CAF24680982007FB5E8 /* XCRemoteSwiftPackageReference "BSImagePicker" */;
			productName = BSImagePicker;
		};
		3B5F3CB324680BAF007FB5E8 /* PhotoLibraryPicker */ = {
			isa = XCSwiftPackageProductDependency;
			package = 3B5F3CB224680BAF007FB5E8 /* XCRemoteSwiftPackageReference "swiftUI-photo-library-picker" */;
			productName = PhotoLibraryPicker;
		};
		3B5F3CB82468FAAB007FB5E8 /* Alamofire */ = {
			isa = XCSwiftPackageProductDependency;
			package = 3B5F3CB72468FAAB007FB5E8 /* XCRemoteSwiftPackageReference "Alamofire" */;
			productName = Alamofire;
		};
/* End XCSwiftPackageProductDependency section */
	};
	rootObject = 3B4F6F9E2464163F007BF222 /* Project object */;
}
